// !$*UTF8*$!
{
	archiveVersion = 1;
	classes = {
	};
	objectVersion = 77;
	objects = {

/* Begin PBXBuildFile section */
		ACED51142EF9CD070048372D /* MacManagerBridge in Frameworks */ = {isa = PBXBuildFile; productRef = ACED51132EF9CD070048372D /* MacManagerBridge */; };
/* End PBXBuildFile section */

/* Begin PBXContainerItemProxy section */
		ACED50F62EF9CCBE0048372D /* PBXContainerItemProxy */ = {
			isa = PBXContainerItemProxy;
			containerPortal = ACED50DC2EF9CCBD0048372D /* Project object */;
			proxyType = 1;
			remoteGlobalIDString = ACED50E32EF9CCBD0048372D;
			remoteInfo = MacAssistApp;
		};
		ACED51002EF9CCBE0048372D /* PBXContainerItemProxy */ = {
			isa = PBXContainerItemProxy;
			containerPortal = ACED50DC2EF9CCBD0048372D /* Project object */;
			proxyType = 1;
			remoteGlobalIDString = ACED50E32EF9CCBD0048372D;
			remoteInfo = MacAssistApp;
		};
/* End PBXContainerItemProxy section */

/* Begin PBXFileReference section */
		ACED50E42EF9CCBD0048372D /* MacAssistApp.app */ = {isa = PBXFileReference; explicitFileType = wrapper.application; includeInIndex = 0; path = MacAssistApp.app; sourceTree = BUILT_PRODUCTS_DIR; };
		ACED50F52EF9CCBE0048372D /* MacAssistAppTests.xctest */ = {isa = PBXFileReference; explicitFileType = wrapper.cfbundle; includeInIndex = 0; path = MacAssistAppTests.xctest; sourceTree = BUILT_PRODUCTS_DIR; };
		ACED50FF2EF9CCBE0048372D /* MacAssistAppUITests.xctest */ = {isa = PBXFileReference; explicitFileType = wrapper.cfbundle; includeInIndex = 0; path = MacAssistAppUITests.xctest; sourceTree = BUILT_PRODUCTS_DIR; };
/* End PBXFileReference section */

/* Begin PBXFileSystemSynchronizedRootGroup section */
		ACED50E62EF9CCBD0048372D /* MacAssistApp */ = {
			isa = PBXFileSystemSynchronizedRootGroup;
			path = MacAssistApp;
			sourceTree = "<group>";
		};
		ACED50F82EF9CCBE0048372D /* MacAssistAppTests */ = {
			isa = PBXFileSystemSynchronizedRootGroup;
			path = MacAssistAppTests;
			sourceTree = "<group>";
		};
		ACED51022EF9CCBE0048372D /* MacAssistAppUITests */ = {
			isa = PBXFileSystemSynchronizedRootGroup;
			path = MacAssistAppUITests;
			sourceTree = "<group>";
		};
/* End PBXFileSystemSynchronizedRootGroup section */

/* Begin PBXFrameworksBuildPhase section */
		ACED50E12EF9CCBD0048372D /* Frameworks */ = {
			isa = PBXFrameworksBuildPhase;
			buildActionMask = 2147483647;
			files = (
				ACED51142EF9CD070048372D /* MacManagerBridge in Frameworks */,
			);
			runOnlyForDeploymentPostprocessing = 0;
		};
		ACED50F22EF9CCBE0048372D /* Frameworks */ = {
			isa = PBXFrameworksBuildPhase;
			buildActionMask = 2147483647;
			files = (
			);
			runOnlyForDeploymentPostprocessing = 0;
		};
		ACED50FC2EF9CCBE0048372D /* Frameworks */ = {
			isa = PBXFrameworksBuildPhase;
			buildActionMask = 2147483647;
			files = (
			);
			runOnlyForDeploymentPostprocessing = 0;
		};
/* End PBXFrameworksBuildPhase section */

/* Begin PBXGroup section */
		ACED50DB2EF9CCBD0048372D = {
			isa = PBXGroup;
			children = (
				ACED50E62EF9CCBD0048372D /* MacAssistApp */,
				ACED50F82EF9CCBE0048372D /* MacAssistAppTests */,
				ACED51022EF9CCBE0048372D /* MacAssistAppUITests */,
				ACED50E52EF9CCBD0048372D /* Products */,
			);
			sourceTree = "<group>";
		};
		ACED50E52EF9CCBD0048372D /* Products */ = {
			isa = PBXGroup;
			children = (
				ACED50E42EF9CCBD0048372D /* MacAssistApp.app */,
				ACED50F52EF9CCBE0048372D /* MacAssistAppTests.xctest */,
				ACED50FF2EF9CCBE0048372D /* MacAssistAppUITests.xctest */,
			);
			name = Products;
			sourceTree = "<group>";
		};
/* End PBXGroup section */

/* Begin PBXNativeTarget section */
		ACED50E32EF9CCBD0048372D /* MacAssistApp */ = {
			isa = PBXNativeTarget;
			buildConfigurationList = ACED51092EF9CCBE0048372D /* Build configuration list for PBXNativeTarget "MacAssistApp" */;
			buildPhases = (
				ACED50E02EF9CCBD0048372D /* Sources */,
				ACED50E12EF9CCBD0048372D /* Frameworks */,
				ACED50E22EF9CCBD0048372D /* Resources */,
			);
			buildRules = (
			);
			dependencies = (
			);
			fileSystemSynchronizedGroups = (
				ACED50E62EF9CCBD0048372D /* MacAssistApp */,
			);
			name = MacAssistApp;
			packageProductDependencies = (
				ACED51132EF9CD070048372D /* MacManagerBridge */,
			);
			productName = MacAssistApp;
			productReference = ACED50E42EF9CCBD0048372D /* MacAssistApp.app */;
			productType = "com.apple.product-type.application";
		};
		ACED50F42EF9CCBE0048372D /* MacAssistAppTests */ = {
			isa = PBXNativeTarget;
			buildConfigurationList = ACED510C2EF9CCBE0048372D /* Build configuration list for PBXNativeTarget "MacAssistAppTests" */;
			buildPhases = (
				ACED50F12EF9CCBE0048372D /* Sources */,
				ACED50F22EF9CCBE0048372D /* Frameworks */,
				ACED50F32EF9CCBE0048372D /* Resources */,
			);
			buildRules = (
			);
			dependencies = (
				ACED50F72EF9CCBE0048372D /* PBXTargetDependency */,
			);
			fileSystemSynchronizedGroups = (
				ACED50F82EF9CCBE0048372D /* MacAssistAppTests */,
			);
			name = MacAssistAppTests;
			packageProductDependencies = (
			);
			productName = MacAssistAppTests;
			productReference = ACED50F52EF9CCBE0048372D /* MacAssistAppTests.xctest */;
			productType = "com.apple.product-type.bundle.unit-test";
		};
		ACED50FE2EF9CCBE0048372D /* MacAssistAppUITests */ = {
			isa = PBXNativeTarget;
			buildConfigurationList = ACED510F2EF9CCBE0048372D /* Build configuration list for PBXNativeTarget "MacAssistAppUITests" */;
			buildPhases = (
				ACED50FB2EF9CCBE0048372D /* Sources */,
				ACED50FC2EF9CCBE0048372D /* Frameworks */,
				ACED50FD2EF9CCBE0048372D /* Resources */,
			);
			buildRules = (
			);
			dependencies = (
				ACED51012EF9CCBE0048372D /* PBXTargetDependency */,
			);
			fileSystemSynchronizedGroups = (
				ACED51022EF9CCBE0048372D /* MacAssistAppUITests */,
			);
			name = MacAssistAppUITests;
			packageProductDependencies = (
			);
			productName = MacAssistAppUITests;
			productReference = ACED50FF2EF9CCBE0048372D /* MacAssistAppUITests.xctest */;
			productType = "com.apple.product-type.bundle.ui-testing";
		};
/* End PBXNativeTarget section */

/* Begin PBXProject section */
		ACED50DC2EF9CCBD0048372D /* Project object */ = {
			isa = PBXProject;
			attributes = {
				BuildIndependentTargetsInParallel = 1;
				LastSwiftUpdateCheck = 1610;
				LastUpgradeCheck = 1610;
				TargetAttributes = {
					ACED50E32EF9CCBD0048372D = {
						CreatedOnToolsVersion = 16.1;
					};
					ACED50F42EF9CCBE0048372D = {
						CreatedOnToolsVersion = 16.1;
						TestTargetID = ACED50E32EF9CCBD0048372D;
					};
					ACED50FE2EF9CCBE0048372D = {
						CreatedOnToolsVersion = 16.1;
						TestTargetID = ACED50E32EF9CCBD0048372D;
					};
				};
			};
			buildConfigurationList = ACED50DF2EF9CCBD0048372D /* Build configuration list for PBXProject "MacAssistApp" */;
			developmentRegion = en;
			hasScannedForEncodings = 0;
			knownRegions = (
				en,
				Base,
			);
			mainGroup = ACED50DB2EF9CCBD0048372D;
			minimizedProjectReferenceProxies = 1;
			packageReferences = (
				ACED51122EF9CD070048372D /* XCLocalSwiftPackageReference "../../../MacAssist" */,
			);
			preferredProjectObjectVersion = 77;
			productRefGroup = ACED50E52EF9CCBD0048372D /* Products */;
			projectDirPath = "";
			projectRoot = "";
			targets = (
				ACED50E32EF9CCBD0048372D /* MacAssistApp */,
				ACED50F42EF9CCBE0048372D /* MacAssistAppTests */,
				ACED50FE2EF9CCBE0048372D /* MacAssistAppUITests */,
			);
		};
/* End PBXProject section */

/* Begin PBXResourcesBuildPhase section */
		ACED50E22EF9CCBD0048372D /* Resources */ = {
			isa = PBXResourcesBuildPhase;
			buildActionMask = 2147483647;
			files = (
			);
			runOnlyForDeploymentPostprocessing = 0;
		};
		ACED50F32EF9CCBE0048372D /* Resources */ = {
			isa = PBXResourcesBuildPhase;
			buildActionMask = 2147483647;
			files = (
			);
			runOnlyForDeploymentPostprocessing = 0;
		};
		ACED50FD2EF9CCBE0048372D /* Resources */ = {
			isa = PBXResourcesBuildPhase;
			buildActionMask = 2147483647;
			files = (
			);
			runOnlyForDeploymentPostprocessing = 0;
		};
/* End PBXResourcesBuildPhase section */

/* Begin PBXSourcesBuildPhase section */
		ACED50E02EF9CCBD0048372D /* Sources */ = {
			isa = PBXSourcesBuildPhase;
			buildActionMask = 2147483647;
			files = (
			);
			runOnlyForDeploymentPostprocessing = 0;
		};
		ACED50F12EF9CCBE0048372D /* Sources */ = {
			isa = PBXSourcesBuildPhase;
			buildActionMask = 2147483647;
			files = (
			);
			runOnlyForDeploymentPostprocessing = 0;
		};
		ACED50FB2EF9CCBE0048372D /* Sources */ = {
			isa = PBXSourcesBuildPhase;
			buildActionMask = 2147483647;
			files = (
			);
			runOnlyForDeploymentPostprocessing = 0;
		};
/* End PBXSourcesBuildPhase section */

/* Begin PBXTargetDependency section */
		ACED50F72EF9CCBE0048372D /* PBXTargetDependency */ = {
			isa = PBXTargetDependency;
			target = ACED50E32EF9CCBD0048372D /* MacAssistApp */;
			targetProxy = ACED50F62EF9CCBE0048372D /* PBXContainerItemProxy */;
		};
		ACED51012EF9CCBE0048372D /* PBXTargetDependency */ = {
			isa = PBXTargetDependency;
			target = ACED50E32EF9CCBD0048372D /* MacAssistApp */;
			targetProxy = ACED51002EF9CCBE0048372D /* PBXContainerItemProxy */;
		};
/* End PBXTargetDependency section */

/* Begin XCBuildConfiguration section */
		ACED51072EF9CCBE0048372D /* Debug */ = {
			isa = XCBuildConfiguration;
			buildSettings = {
				ALWAYS_SEARCH_USER_PATHS = NO;
				ASSETCATALOG_COMPILER_GENERATE_SWIFT_ASSET_SYMBOL_EXTENSIONS = YES;
				CLANG_ANALYZER_NONNULL = YES;
				CLANG_ANALYZER_NUMBER_OBJECT_CONVERSION = YES_AGGRESSIVE;
				CLANG_CXX_LANGUAGE_STANDARD = "gnu++20";
				CLANG_ENABLE_MODULES = YES;
				CLANG_ENABLE_OBJC_ARC = YES;
				CLANG_ENABLE_OBJC_WEAK = YES;
				CLANG_WARN_BLOCK_CAPTURE_AUTORELEASING = YES;
				CLANG_WARN_BOOL_CONVERSION = YES;
				CLANG_WARN_COMMA = YES;
				CLANG_WARN_CONSTANT_CONVERSION = YES;
				CLANG_WARN_DEPRECATED_OBJC_IMPLEMENTATIONS = YES;
				CLANG_WARN_DIRECT_OBJC_ISA_USAGE = YES_ERROR;
				CLANG_WARN_DOCUMENTATION_COMMENTS = YES;
				CLANG_WARN_EMPTY_BODY = YES;
				CLANG_WARN_ENUM_CONVERSION = YES;
				CLANG_WARN_INFINITE_RECURSION = YES;
				CLANG_WARN_INT_CONVERSION = YES;
				CLANG_WARN_NON_LITERAL_NULL_CONVERSION = YES;
				CLANG_WARN_OBJC_IMPLICIT_RETAIN_SELF = YES;
				CLANG_WARN_OBJC_LITERAL_CONVERSION = YES;
				CLANG_WARN_OBJC_ROOT_CLASS = YES_ERROR;
				CLANG_WARN_QUOTED_INCLUDE_IN_FRAMEWORK_HEADER = YES;
				CLANG_WARN_RANGE_LOOP_ANALYSIS = YES;
				CLANG_WARN_STRICT_PROTOTYPES = YES;
				CLANG_WARN_SUSPICIOUS_MOVE = YES;
				CLANG_WARN_UNGUARDED_AVAILABILITY = YES_AGGRESSIVE;
				CLANG_WARN_UNREACHABLE_CODE = YES;
				CLANG_WARN__DUPLICATE_METHOD_MATCH = YES;
				COPY_PHASE_STRIP = NO;
				DEBUG_INFORMATION_FORMAT = dwarf;
				ENABLE_STRICT_OBJC_MSGSEND = YES;
				ENABLE_TESTABILITY = YES;
				ENABLE_USER_SCRIPT_SANDBOXING = YES;
				GCC_C_LANGUAGE_STANDARD = gnu17;
				GCC_DYNAMIC_NO_PIC = NO;
				GCC_NO_COMMON_BLOCKS = YES;
				GCC_OPTIMIZATION_LEVEL = 0;
				GCC_PREPROCESSOR_DEFINITIONS = (
					"DEBUG=1",
					"$(inherited)",
				);
				GCC_WARN_64_TO_32_BIT_CONVERSION = YES;
				GCC_WARN_ABOUT_RETURN_TYPE = YES_ERROR;
				GCC_WARN_UNDECLARED_SELECTOR = YES;
				GCC_WARN_UNINITIALIZED_AUTOS = YES_AGGRESSIVE;
				GCC_WARN_UNUSED_FUNCTION = YES;
				GCC_WARN_UNUSED_VARIABLE = YES;
				LOCALIZATION_PREFERS_STRING_CATALOGS = YES;
				MACOSX_DEPLOYMENT_TARGET = 14.5;
				MTL_ENABLE_DEBUG_INFO = INCLUDE_SOURCE;
				MTL_FAST_MATH = YES;
				ONLY_ACTIVE_ARCH = YES;
				SDKROOT = macosx;
				SWIFT_ACTIVE_COMPILATION_CONDITIONS = "DEBUG $(inherited)";
				SWIFT_OPTIMIZATION_LEVEL = "-Onone";
			};
			name = Debug;
		};
		ACED51082EF9CCBE0048372D /* Release */ = {
			isa = XCBuildConfiguration;
			buildSettings = {
				ALWAYS_SEARCH_USER_PATHS = NO;
				ASSETCATALOG_COMPILER_GENERATE_SWIFT_ASSET_SYMBOL_EXTENSIONS = YES;
				CLANG_ANALYZER_NONNULL = YES;
				CLANG_ANALYZER_NUMBER_OBJECT_CONVERSION = YES_AGGRESSIVE;
				CLANG_CXX_LANGUAGE_STANDARD = "gnu++20";
				CLANG_ENABLE_MODULES = YES;
				CLANG_ENABLE_OBJC_ARC = YES;
				CLANG_ENABLE_OBJC_WEAK = YES;
				CLANG_WARN_BLOCK_CAPTURE_AUTORELEASING = YES;
				CLANG_WARN_BOOL_CONVERSION = YES;
				CLANG_WARN_COMMA = YES;
				CLANG_WARN_CONSTANT_CONVERSION = YES;
				CLANG_WARN_DEPRECATED_OBJC_IMPLEMENTATIONS = YES;
				CLANG_WARN_DIRECT_OBJC_ISA_USAGE = YES_ERROR;
				CLANG_WARN_DOCUMENTATION_COMMENTS = YES;
				CLANG_WARN_EMPTY_BODY = YES;
				CLANG_WARN_ENUM_CONVERSION = YES;
				CLANG_WARN_INFINITE_RECURSION = YES;
				CLANG_WARN_INT_CONVERSION = YES;
				CLANG_WARN_NON_LITERAL_NULL_CONVERSION = YES;
				CLANG_WARN_OBJC_IMPLICIT_RETAIN_SELF = YES;
				CLANG_WARN_OBJC_LITERAL_CONVERSION = YES;
				CLANG_WARN_OBJC_ROOT_CLASS = YES_ERROR;
				CLANG_WARN_QUOTED_INCLUDE_IN_FRAMEWORK_HEADER = YES;
				CLANG_WARN_RANGE_LOOP_ANALYSIS = YES;
				CLANG_WARN_STRICT_PROTOTYPES = YES;
				CLANG_WARN_SUSPICIOUS_MOVE = YES;
				CLANG_WARN_UNGUARDED_AVAILABILITY = YES_AGGRESSIVE;
				CLANG_WARN_UNREACHABLE_CODE = YES;
				CLANG_WARN__DUPLICATE_METHOD_MATCH = YES;
				COPY_PHASE_STRIP = NO;
				DEBUG_INFORMATION_FORMAT = "dwarf-with-dsym";
				ENABLE_NS_ASSERTIONS = NO;
				ENABLE_STRICT_OBJC_MSGSEND = YES;
				ENABLE_USER_SCRIPT_SANDBOXING = YES;
				GCC_C_LANGUAGE_STANDARD = gnu17;
				GCC_NO_COMMON_BLOCKS = YES;
				GCC_WARN_64_TO_32_BIT_CONVERSION = YES;
				GCC_WARN_ABOUT_RETURN_TYPE = YES_ERROR;
				GCC_WARN_UNDECLARED_SELECTOR = YES;
				GCC_WARN_UNINITIALIZED_AUTOS = YES_AGGRESSIVE;
				GCC_WARN_UNUSED_FUNCTION = YES;
				GCC_WARN_UNUSED_VARIABLE = YES;
				LOCALIZATION_PREFERS_STRING_CATALOGS = YES;
				MACOSX_DEPLOYMENT_TARGET = 14.5;
				MTL_ENABLE_DEBUG_INFO = NO;
				MTL_FAST_MATH = YES;
				SDKROOT = macosx;
				SWIFT_COMPILATION_MODE = wholemodule;
			};
			name = Release;
		};
		ACED510A2EF9CCBE0048372D /* Debug */ = {
			isa = XCBuildConfiguration;
			buildSettings = {
				ASSETCATALOG_COMPILER_APPICON_NAME = AppIcon;
				ASSETCATALOG_COMPILER_GLOBAL_ACCENT_COLOR_NAME = AccentColor;
				CODE_SIGN_ENTITLEMENTS = MacAssistApp/MacAssistApp.entitlements;
				CODE_SIGN_STYLE = Automatic;
				COMBINE_HIDPI_IMAGES = YES;
				CURRENT_PROJECT_VERSION = 1;
				DEVELOPMENT_ASSET_PATHS = "\"MacAssistApp/Preview Content\"";
				DEVELOPMENT_TEAM = KD89TX699B;
				ENABLE_HARDENED_RUNTIME = YES;
				ENABLE_PREVIEWS = YES;
				GENERATE_INFOPLIST_FILE = YES;
				INFOPLIST_KEY_NSHumanReadableCopyright = "";
				LD_RUNPATH_SEARCH_PATHS = (
					"$(inherited)",
					"@executable_path/../Frameworks",
				);
				MARKETING_VERSION = 1.0;
				PRODUCT_BUNDLE_IDENTIFIER = com.finnmcm.MacAssistApp;
				PRODUCT_NAME = "$(TARGET_NAME)";
				SWIFT_EMIT_LOC_STRINGS = YES;
				SWIFT_VERSION = 5.0;
			};
			name = Debug;
		};
		ACED510B2EF9CCBE0048372D /* Release */ = {
			isa = XCBuildConfiguration;
			buildSettings = {
				ASSETCATALOG_COMPILER_APPICON_NAME = AppIcon;
				ASSETCATALOG_COMPILER_GLOBAL_ACCENT_COLOR_NAME = AccentColor;
				CODE_SIGN_ENTITLEMENTS = MacAssistApp/MacAssistApp.entitlements;
				CODE_SIGN_STYLE = Automatic;
				COMBINE_HIDPI_IMAGES = YES;
				CURRENT_PROJECT_VERSION = 1;
				DEVELOPMENT_ASSET_PATHS = "\"MacAssistApp/Preview Content\"";
				DEVELOPMENT_TEAM = KD89TX699B;
				ENABLE_HARDENED_RUNTIME = YES;
				ENABLE_PREVIEWS = YES;
				GENERATE_INFOPLIST_FILE = YES;
				INFOPLIST_KEY_NSHumanReadableCopyright = "";
				LD_RUNPATH_SEARCH_PATHS = (
					"$(inherited)",
					"@executable_path/../Frameworks",
				);
				MARKETING_VERSION = 1.0;
				PRODUCT_BUNDLE_IDENTIFIER = com.finnmcm.MacAssistApp;
				PRODUCT_NAME = "$(TARGET_NAME)";
				SWIFT_EMIT_LOC_STRINGS = YES;
				SWIFT_VERSION = 5.0;
			};
			name = Release;
		};
		ACED510D2EF9CCBE0048372D /* Debug */ = {
			isa = XCBuildConfiguration;
			buildSettings = {
				BUNDLE_LOADER = "$(TEST_HOST)";
				CODE_SIGN_STYLE = Automatic;
				CURRENT_PROJECT_VERSION = 1;
				DEVELOPMENT_TEAM = KD89TX699B;
				GENERATE_INFOPLIST_FILE = YES;
				MACOSX_DEPLOYMENT_TARGET = 14.5;
				MARKETING_VERSION = 1.0;
				PRODUCT_BUNDLE_IDENTIFIER = com.finnmcm.MacAssistAppTests;
				PRODUCT_NAME = "$(TARGET_NAME)";
				SWIFT_EMIT_LOC_STRINGS = NO;
				SWIFT_VERSION = 5.0;
				TEST_HOST = "$(BUILT_PRODUCTS_DIR)/MacAssistApp.app/$(BUNDLE_EXECUTABLE_FOLDER_PATH)/MacAssistApp";
			};
			name = Debug;
		};
		ACED510E2EF9CCBE0048372D /* Release */ = {
			isa = XCBuildConfiguration;
			buildSettings = {
				BUNDLE_LOADER = "$(TEST_HOST)";
				CODE_SIGN_STYLE = Automatic;
				CURRENT_PROJECT_VERSION = 1;
				DEVELOPMENT_TEAM = KD89TX699B;
				GENERATE_INFOPLIST_FILE = YES;
				MACOSX_DEPLOYMENT_TARGET = 14.5;
				MARKETING_VERSION = 1.0;
				PRODUCT_BUNDLE_IDENTIFIER = com.finnmcm.MacAssistAppTests;
				PRODUCT_NAME = "$(TARGET_NAME)";
				SWIFT_EMIT_LOC_STRINGS = NO;
				SWIFT_VERSION = 5.0;
				TEST_HOST = "$(BUILT_PRODUCTS_DIR)/MacAssistApp.app/$(BUNDLE_EXECUTABLE_FOLDER_PATH)/MacAssistApp";
			};
			name = Release;
		};
		ACED51102EF9CCBE0048372D /* Debug */ = {
			isa = XCBuildConfiguration;
			buildSettings = {
				CODE_SIGN_STYLE = Automatic;
				CURRENT_PROJECT_VERSION = 1;
				DEVELOPMENT_TEAM = KD89TX699B;
				GENERATE_INFOPLIST_FILE = YES;
				MARKETING_VERSION = 1.0;
				PRODUCT_BUNDLE_IDENTIFIER = com.finnmcm.MacAssistAppUITests;
				PRODUCT_NAME = "$(TARGET_NAME)";
				SWIFT_EMIT_LOC_STRINGS = NO;
				SWIFT_VERSION = 5.0;
				TEST_TARGET_NAME = MacAssistApp;
			};
			name = Debug;
		};
		ACED51112EF9CCBE0048372D /* Release */ = {
			isa = XCBuildConfiguration;
			buildSettings = {
				CODE_SIGN_STYLE = Automatic;
				CURRENT_PROJECT_VERSION = 1;
				DEVELOPMENT_TEAM = KD89TX699B;
				GENERATE_INFOPLIST_FILE = YES;
				MARKETING_VERSION = 1.0;
				PRODUCT_BUNDLE_IDENTIFIER = com.finnmcm.MacAssistAppUITests;
				PRODUCT_NAME = "$(TARGET_NAME)";
				SWIFT_EMIT_LOC_STRINGS = NO;
				SWIFT_VERSION = 5.0;
				TEST_TARGET_NAME = MacAssistApp;
			};
			name = Release;
		};
/* End XCBuildConfiguration section */

/* Begin XCConfigurationList section */
		ACED50DF2EF9CCBD0048372D /* Build configuration list for PBXProject "MacAssistApp" */ = {
			isa = XCConfigurationList;
			buildConfigurations = (
				ACED51072EF9CCBE0048372D /* Debug */,
				ACED51082EF9CCBE0048372D /* Release */,
			);
			defaultConfigurationIsVisible = 0;
			defaultConfigurationName = Release;
		};
		ACED51092EF9CCBE0048372D /* Build configuration list for PBXNativeTarget "MacAssistApp" */ = {
			isa = XCConfigurationList;
			buildConfigurations = (
				ACED510A2EF9CCBE0048372D /* Debug */,
				ACED510B2EF9CCBE0048372D /* Release */,
			);
			defaultConfigurationIsVisible = 0;
			defaultConfigurationName = Release;
		};
		ACED510C2EF9CCBE0048372D /* Build configuration list for PBXNativeTarget "MacAssistAppTests" */ = {
			isa = XCConfigurationList;
			buildConfigurations = (
				ACED510D2EF9CCBE0048372D /* Debug */,
				ACED510E2EF9CCBE0048372D /* Release */,
			);
			defaultConfigurationIsVisible = 0;
			defaultConfigurationName = Release;
		};
		ACED510F2EF9CCBE0048372D /* Build configuration list for PBXNativeTarget "MacAssistAppUITests" */ = {
			isa = XCConfigurationList;
			buildConfigurations = (
				ACED51102EF9CCBE0048372D /* Debug */,
				ACED51112EF9CCBE0048372D /* Release */,
			);
			defaultConfigurationIsVisible = 0;
			defaultConfigurationName = Release;
		};
/* End XCConfigurationList section */

/* Begin XCLocalSwiftPackageReference section */
		ACED51122EF9CD070048372D /* XCLocalSwiftPackageReference "../../../MacAssist" */ = {
			isa = XCLocalSwiftPackageReference;
			relativePath = ../../../MacAssist;
		};
/* End XCLocalSwiftPackageReference section */

/* Begin XCSwiftPackageProductDependency section */
		ACED51132EF9CD070048372D /* MacManagerBridge */ = {
			isa = XCSwiftPackageProductDependency;
			productName = MacManagerBridge;
		};
/* End XCSwiftPackageProductDependency section */
	};
	rootObject = ACED50DC2EF9CCBD0048372D /* Project object */;
}
